
Microsoft Visual Studio Solution File, Format Version 12.00
# Visual Studio Version 17
VisualStudioVersion = 17.13.35931.197 d17.13
MinimumVisualStudioVersion = 10.0.40219.1
Project("{D2ABAB84-BF74-430A-B69E-9DC6D40DDA17}") = "DWLab_Cube2", "DWLab_Cube2\DWLab_Cube2.dwproj", "{E851A68B-0B2D-927B-307D-EE20346DC442}"
EndProject
Global
	GlobalSection(SolutionConfigurationPlatforms) = preSolution
		Development|Default = Development|Default
	EndGlobalSection
	GlobalSection(ProjectConfigurationPlatforms) = postSolution
		{E851A68B-0B2D-927B-307D-EE20346DC442}.Development|Default.ActiveCfg = Development
		{E851A68B-0B2D-927B-307D-EE20346DC442}.Development|Default.Build.0 = Development
		{E851A68B-0B2D-927B-307D-EE20346DC442}.Development|Default.Deploy.0 = Development
	EndGlobalSection
	GlobalSection(SolutionProperties) = preSolution
		HideSolutionNode = FALSE
	EndGlobalSection
	GlobalSection(ExtensibilityGlobals) = postSolution
		SolutionGuid = {61D4E9DE-3555-499A-AA1B-25422DEC24F7}
	EndGlobalSection
EndGlobal
